// !$*UTF8*$!
{
	archiveVersion = 1;
	classes = {
	};
	objectVersion = 56;
	objects = {

/* Begin PBXBuildFile section */
		2281F940297DA918000649A9 /* SearchGitUserView.swift in Sources */ = {isa = PBXBuildFile; fileRef = 2281F93F297DA918000649A9 /* SearchGitUserView.swift */; };
		2281F942297DBC9F000649A9 /* SearchGitUser.swift in Sources */ = {isa = PBXBuildFile; fileRef = 2281F941297DBC9F000649A9 /* SearchGitUser.swift */; };
		59B655BE497A2AB9BAE19FD5 /* Pods_Gromit_client_iOS.framework in Frameworks */ = {isa = PBXBuildFile; fileRef = C77CAD1E5B7E6F3C90D8F07F /* Pods_Gromit_client_iOS.framework */; };
		D5D3E5C42983A5E600A50E50 /* FinalLevelView.swift in Sources */ = {isa = PBXBuildFile; fileRef = D5D3E5C32983A5E600A50E50 /* FinalLevelView.swift */; };
		D5D3E5C62983C45700A50E50 /* CollectionListView.swift in Sources */ = {isa = PBXBuildFile; fileRef = D5D3E5C52983C45700A50E50 /* CollectionListView.swift */; };
		D5F8C21E297BF090004C6146 /* Gromit_client_iOSApp.swift in Sources */ = {isa = PBXBuildFile; fileRef = D5F8C21D297BF090004C6146 /* Gromit_client_iOSApp.swift */; };
		D5F8C222297BF091004C6146 /* Assets.xcassets in Resources */ = {isa = PBXBuildFile; fileRef = D5F8C221297BF091004C6146 /* Assets.xcassets */; };
		D5F8C225297BF091004C6146 /* Preview Assets.xcassets in Resources */ = {isa = PBXBuildFile; fileRef = D5F8C224297BF091004C6146 /* Preview Assets.xcassets */; };
		D5F8C231297BF1DE004C6146 /* TempView.swift in Sources */ = {isa = PBXBuildFile; fileRef = D5F8C230297BF1DE004C6146 /* TempView.swift */; };
		D5F8C233297BF1FD004C6146 /* SignInView.swift in Sources */ = {isa = PBXBuildFile; fileRef = D5F8C232297BF1FD004C6146 /* SignInView.swift */; };
		D5F8C235297BF20B004C6146 /* HomeView.swift in Sources */ = {isa = PBXBuildFile; fileRef = D5F8C234297BF20B004C6146 /* HomeView.swift */; };
		D5F8C237297BF214004C6146 /* ChallengeListView.swift in Sources */ = {isa = PBXBuildFile; fileRef = D5F8C236297BF214004C6146 /* ChallengeListView.swift */; };
		D5F8C239297BF224004C6146 /* ParticipatingListView.swift in Sources */ = {isa = PBXBuildFile; fileRef = D5F8C238297BF224004C6146 /* ParticipatingListView.swift */; };
		D5F8C23B297BF22A004C6146 /* SettingsView.swift in Sources */ = {isa = PBXBuildFile; fileRef = D5F8C23A297BF22A004C6146 /* SettingsView.swift */; };
		D5F8C23D297BF231004C6146 /* GromitMainView.swift in Sources */ = {isa = PBXBuildFile; fileRef = D5F8C23C297BF231004C6146 /* GromitMainView.swift */; };
		D5F8C23F297BF4CE004C6146 /* Challenge.swift in Sources */ = {isa = PBXBuildFile; fileRef = D5F8C23E297BF4CE004C6146 /* Challenge.swift */; };
/* End PBXBuildFile section */

/* Begin PBXFileReference section */
		22659355297FA0A80031E6C0 /* Gromit-client-iOS.entitlements */ = {isa = PBXFileReference; lastKnownFileType = text.plist.entitlements; path = "Gromit-client-iOS.entitlements"; sourceTree = "<group>"; };
		2281F93F297DA918000649A9 /* SearchGitUserView.swift */ = {isa = PBXFileReference; lastKnownFileType = sourcecode.swift; path = SearchGitUserView.swift; sourceTree = "<group>"; };
		2281F941297DBC9F000649A9 /* SearchGitUser.swift */ = {isa = PBXFileReference; lastKnownFileType = sourcecode.swift; path = SearchGitUser.swift; sourceTree = "<group>"; };
		367753C7935144B3056DC1D5 /* Pods-Gromit-client-iOS.release.xcconfig */ = {isa = PBXFileReference; includeInIndex = 1; lastKnownFileType = text.xcconfig; name = "Pods-Gromit-client-iOS.release.xcconfig"; path = "Target Support Files/Pods-Gromit-client-iOS/Pods-Gromit-client-iOS.release.xcconfig"; sourceTree = "<group>"; };
		C77CAD1E5B7E6F3C90D8F07F /* Pods_Gromit_client_iOS.framework */ = {isa = PBXFileReference; explicitFileType = wrapper.framework; includeInIndex = 0; path = Pods_Gromit_client_iOS.framework; sourceTree = BUILT_PRODUCTS_DIR; };
		D5A4F6B841DF77781B7174CD /* Pods-Gromit-client-iOS.debug.xcconfig */ = {isa = PBXFileReference; includeInIndex = 1; lastKnownFileType = text.xcconfig; name = "Pods-Gromit-client-iOS.debug.xcconfig"; path = "Target Support Files/Pods-Gromit-client-iOS/Pods-Gromit-client-iOS.debug.xcconfig"; sourceTree = "<group>"; };
		D5D3E5C32983A5E600A50E50 /* FinalLevelView.swift */ = {isa = PBXFileReference; lastKnownFileType = sourcecode.swift; path = FinalLevelView.swift; sourceTree = "<group>"; };
		D5D3E5C52983C45700A50E50 /* CollectionListView.swift */ = {isa = PBXFileReference; lastKnownFileType = sourcecode.swift; path = CollectionListView.swift; sourceTree = "<group>"; };
		D5F8C21A297BF090004C6146 /* Gromit-client-iOS.app */ = {isa = PBXFileReference; explicitFileType = wrapper.application; includeInIndex = 0; path = "Gromit-client-iOS.app"; sourceTree = BUILT_PRODUCTS_DIR; };
		D5F8C21D297BF090004C6146 /* Gromit_client_iOSApp.swift */ = {isa = PBXFileReference; lastKnownFileType = sourcecode.swift; path = Gromit_client_iOSApp.swift; sourceTree = "<group>"; };
		D5F8C221297BF091004C6146 /* Assets.xcassets */ = {isa = PBXFileReference; lastKnownFileType = folder.assetcatalog; path = Assets.xcassets; sourceTree = "<group>"; };
		D5F8C224297BF091004C6146 /* Preview Assets.xcassets */ = {isa = PBXFileReference; lastKnownFileType = folder.assetcatalog; path = "Preview Assets.xcassets"; sourceTree = "<group>"; };
		D5F8C230297BF1DE004C6146 /* TempView.swift */ = {isa = PBXFileReference; lastKnownFileType = sourcecode.swift; path = TempView.swift; sourceTree = "<group>"; };
		D5F8C232297BF1FD004C6146 /* SignInView.swift */ = {isa = PBXFileReference; lastKnownFileType = sourcecode.swift; path = SignInView.swift; sourceTree = "<group>"; };
		D5F8C234297BF20B004C6146 /* HomeView.swift */ = {isa = PBXFileReference; lastKnownFileType = sourcecode.swift; path = HomeView.swift; sourceTree = "<group>"; };
		D5F8C236297BF214004C6146 /* ChallengeListView.swift */ = {isa = PBXFileReference; lastKnownFileType = sourcecode.swift; path = ChallengeListView.swift; sourceTree = "<group>"; };
		D5F8C238297BF224004C6146 /* ParticipatingListView.swift */ = {isa = PBXFileReference; lastKnownFileType = sourcecode.swift; path = ParticipatingListView.swift; sourceTree = "<group>"; };
		D5F8C23A297BF22A004C6146 /* SettingsView.swift */ = {isa = PBXFileReference; lastKnownFileType = sourcecode.swift; path = SettingsView.swift; sourceTree = "<group>"; };
		D5F8C23C297BF231004C6146 /* GromitMainView.swift */ = {isa = PBXFileReference; lastKnownFileType = sourcecode.swift; path = GromitMainView.swift; sourceTree = "<group>"; };
		D5F8C23E297BF4CE004C6146 /* Challenge.swift */ = {isa = PBXFileReference; lastKnownFileType = sourcecode.swift; path = Challenge.swift; sourceTree = "<group>"; };
/* End PBXFileReference section */

/* Begin PBXFrameworksBuildPhase section */
		D5F8C217297BF090004C6146 /* Frameworks */ = {
			isa = PBXFrameworksBuildPhase;
			buildActionMask = 2147483647;
			files = (
				59B655BE497A2AB9BAE19FD5 /* Pods_Gromit_client_iOS.framework in Frameworks */,
			);
			runOnlyForDeploymentPostprocessing = 0;
		};
/* End PBXFrameworksBuildPhase section */

/* Begin PBXGroup section */
		5424D7DE125F8ED6E28F37CF /* Pods */ = {
			isa = PBXGroup;
			children = (
				D5A4F6B841DF77781B7174CD /* Pods-Gromit-client-iOS.debug.xcconfig */,
				367753C7935144B3056DC1D5 /* Pods-Gromit-client-iOS.release.xcconfig */,
			);
			path = Pods;
			sourceTree = "<group>";
		};
		C4AB08E48D9AE30D28A0FDDC /* Frameworks */ = {
			isa = PBXGroup;
			children = (
				C77CAD1E5B7E6F3C90D8F07F /* Pods_Gromit_client_iOS.framework */,
			);
			name = Frameworks;
			sourceTree = "<group>";
		};
		D54C5C1C29868DBE00C3833A /* Services */ = {
			isa = PBXGroup;
			children = (
			);
			path = Services;
			sourceTree = "<group>";
		};
		D5F8C211297BF090004C6146 = {
			isa = PBXGroup;
			children = (
				D5F8C21C297BF090004C6146 /* Gromit-client-iOS */,
				D5F8C21B297BF090004C6146 /* Products */,
				5424D7DE125F8ED6E28F37CF /* Pods */,
				C4AB08E48D9AE30D28A0FDDC /* Frameworks */,
			);
			sourceTree = "<group>";
		};
		D5F8C21B297BF090004C6146 /* Products */ = {
			isa = PBXGroup;
			children = (
				D5F8C21A297BF090004C6146 /* Gromit-client-iOS.app */,
			);
			name = Products;
			sourceTree = "<group>";
		};
		D5F8C21C297BF090004C6146 /* Gromit-client-iOS */ = {
			isa = PBXGroup;
			children = (
				D5F8C221297BF091004C6146 /* Assets.xcassets */,
				22659355297FA0A80031E6C0 /* Gromit-client-iOS.entitlements */,
				D5F8C22E297BF1A3004C6146 /* Views */,
				D5F8C22D297BF188004C6146 /* ViewModels */,
				D54C5C1C29868DBE00C3833A /* Services */,
				D5F8C22F297BF1A9004C6146 /* Models */,
				D5F8C21D297BF090004C6146 /* Gromit_client_iOSApp.swift */,
				D5F8C223297BF091004C6146 /* Preview Content */,
			);
			path = "Gromit-client-iOS";
			sourceTree = "<group>";
		};
		D5F8C223297BF091004C6146 /* Preview Content */ = {
			isa = PBXGroup;
			children = (
				D5F8C224297BF091004C6146 /* Preview Assets.xcassets */,
			);
			path = "Preview Content";
			sourceTree = "<group>";
		};
		D5F8C22D297BF188004C6146 /* ViewModels */ = {
			isa = PBXGroup;
			children = (
			);
			path = ViewModels;
			sourceTree = "<group>";
		};
		D5F8C22E297BF1A3004C6146 /* Views */ = {
			isa = PBXGroup;
			children = (
				D5F8C230297BF1DE004C6146 /* TempView.swift */,
				D5F8C232297BF1FD004C6146 /* SignInView.swift */,
				D5F8C234297BF20B004C6146 /* HomeView.swift */,
				D5F8C236297BF214004C6146 /* ChallengeListView.swift */,
				D5F8C238297BF224004C6146 /* ParticipatingListView.swift */,
				D5F8C23A297BF22A004C6146 /* SettingsView.swift */,
				D5F8C23C297BF231004C6146 /* GromitMainView.swift */,
				2281F93F297DA918000649A9 /* SearchGitUserView.swift */,
				D5D3E5C32983A5E600A50E50 /* FinalLevelView.swift */,
				D5D3E5C52983C45700A50E50 /* CollectionListView.swift */,
			);
			path = Views;
			sourceTree = "<group>";
		};
		D5F8C22F297BF1A9004C6146 /* Models */ = {
			isa = PBXGroup;
			children = (
				D5F8C23E297BF4CE004C6146 /* Challenge.swift */,
				2281F941297DBC9F000649A9 /* SearchGitUser.swift */,
			);
			path = Models;
			sourceTree = "<group>";
		};
/* End PBXGroup section */

/* Begin PBXNativeTarget section */
		D5F8C219297BF090004C6146 /* Gromit-client-iOS */ = {
			isa = PBXNativeTarget;
			buildConfigurationList = D5F8C228297BF091004C6146 /* Build configuration list for PBXNativeTarget "Gromit-client-iOS" */;
			buildPhases = (
				9C95E550694896168D4B8E0B /* [CP] Check Pods Manifest.lock */,
				D5F8C216297BF090004C6146 /* Sources */,
				D5F8C217297BF090004C6146 /* Frameworks */,
				D5F8C218297BF090004C6146 /* Resources */,
				6F5256B6DC51FCA0065B2200 /* [CP] Embed Pods Frameworks */,
			);
			buildRules = (
			);
			dependencies = (
			);
			name = "Gromit-client-iOS";
			productName = "Gromit-client-iOS";
			productReference = D5F8C21A297BF090004C6146 /* Gromit-client-iOS.app */;
			productType = "com.apple.product-type.application";
		};
/* End PBXNativeTarget section */

/* Begin PBXProject section */
		D5F8C212297BF090004C6146 /* Project object */ = {
			isa = PBXProject;
			attributes = {
				BuildIndependentTargetsInParallel = 1;
				LastSwiftUpdateCheck = 1420;
				LastUpgradeCheck = 1420;
				TargetAttributes = {
					D5F8C219297BF090004C6146 = {
						CreatedOnToolsVersion = 14.2;
					};
				};
			};
			buildConfigurationList = D5F8C215297BF090004C6146 /* Build configuration list for PBXProject "Gromit-client-iOS" */;
			compatibilityVersion = "Xcode 14.0";
			developmentRegion = en;
			hasScannedForEncodings = 0;
			knownRegions = (
				en,
				Base,
			);
			mainGroup = D5F8C211297BF090004C6146;
			productRefGroup = D5F8C21B297BF090004C6146 /* Products */;
			projectDirPath = "";
			projectRoot = "";
			targets = (
				D5F8C219297BF090004C6146 /* Gromit-client-iOS */,
			);
		};
/* End PBXProject section */

/* Begin PBXResourcesBuildPhase section */
		D5F8C218297BF090004C6146 /* Resources */ = {
			isa = PBXResourcesBuildPhase;
			buildActionMask = 2147483647;
			files = (
				D5F8C225297BF091004C6146 /* Preview Assets.xcassets in Resources */,
				D5F8C222297BF091004C6146 /* Assets.xcassets in Resources */,
			);
			runOnlyForDeploymentPostprocessing = 0;
		};
/* End PBXResourcesBuildPhase section */

/* Begin PBXShellScriptBuildPhase section */
		6F5256B6DC51FCA0065B2200 /* [CP] Embed Pods Frameworks */ = {
			isa = PBXShellScriptBuildPhase;
			buildActionMask = 2147483647;
			files = (
			);
			inputFileListPaths = (
				"${PODS_ROOT}/Target Support Files/Pods-Gromit-client-iOS/Pods-Gromit-client-iOS-frameworks-${CONFIGURATION}-input-files.xcfilelist",
			);
			name = "[CP] Embed Pods Frameworks";
			outputFileListPaths = (
				"${PODS_ROOT}/Target Support Files/Pods-Gromit-client-iOS/Pods-Gromit-client-iOS-frameworks-${CONFIGURATION}-output-files.xcfilelist",
			);
			runOnlyForDeploymentPostprocessing = 0;
			shellPath = /bin/sh;
			shellScript = "\"${PODS_ROOT}/Target Support Files/Pods-Gromit-client-iOS/Pods-Gromit-client-iOS-frameworks.sh\"\n";
			showEnvVarsInLog = 0;
		};
		9C95E550694896168D4B8E0B /* [CP] Check Pods Manifest.lock */ = {
			isa = PBXShellScriptBuildPhase;
			buildActionMask = 2147483647;
			files = (
			);
			inputFileListPaths = (
			);
			inputPaths = (
				"${PODS_PODFILE_DIR_PATH}/Podfile.lock",
				"${PODS_ROOT}/Manifest.lock",
			);
			name = "[CP] Check Pods Manifest.lock";
			outputFileListPaths = (
			);
			outputPaths = (
				"$(DERIVED_FILE_DIR)/Pods-Gromit-client-iOS-checkManifestLockResult.txt",
			);
			runOnlyForDeploymentPostprocessing = 0;
			shellPath = /bin/sh;
			shellScript = "diff \"${PODS_PODFILE_DIR_PATH}/Podfile.lock\" \"${PODS_ROOT}/Manifest.lock\" > /dev/null\nif [ $? != 0 ] ; then\n    # print error to STDERR\n    echo \"error: The sandbox is not in sync with the Podfile.lock. Run 'pod install' or update your CocoaPods installation.\" >&2\n    exit 1\nfi\n# This output is used by Xcode 'outputs' to avoid re-running this script phase.\necho \"SUCCESS\" > \"${SCRIPT_OUTPUT_FILE_0}\"\n";
			showEnvVarsInLog = 0;
		};
/* End PBXShellScriptBuildPhase section */

/* Begin PBXSourcesBuildPhase section */
		D5F8C216297BF090004C6146 /* Sources */ = {
			isa = PBXSourcesBuildPhase;
			buildActionMask = 2147483647;
			files = (
				D5F8C237297BF214004C6146 /* ChallengeListView.swift in Sources */,
				D5F8C23B297BF22A004C6146 /* SettingsView.swift in Sources */,
				D5F8C23D297BF231004C6146 /* GromitMainView.swift in Sources */,
				D5F8C231297BF1DE004C6146 /* TempView.swift in Sources */,
				D5D3E5C62983C45700A50E50 /* CollectionListView.swift in Sources */,
				D5D3E5C42983A5E600A50E50 /* FinalLevelView.swift in Sources */,
				D5F8C239297BF224004C6146 /* ParticipatingListView.swift in Sources */,
				2281F940297DA918000649A9 /* SearchGitUserView.swift in Sources */,
				D5F8C233297BF1FD004C6146 /* SignInView.swift in Sources */,
				D5F8C235297BF20B004C6146 /* HomeView.swift in Sources */,
				D5F8C21E297BF090004C6146 /* Gromit_client_iOSApp.swift in Sources */,
				2281F942297DBC9F000649A9 /* SearchGitUser.swift in Sources */,
				D5F8C23F297BF4CE004C6146 /* Challenge.swift in Sources */,
			);
			runOnlyForDeploymentPostprocessing = 0;
		};
/* End PBXSourcesBuildPhase section */

/* Begin XCBuildConfiguration section */
		D5F8C226297BF091004C6146 /* Debug */ = {
			isa = XCBuildConfiguration;
			buildSettings = {
				ALWAYS_SEARCH_USER_PATHS = NO;
				CLANG_ANALYZER_NONNULL = YES;
				CLANG_ANALYZER_NUMBER_OBJECT_CONVERSION = YES_AGGRESSIVE;
				CLANG_CXX_LANGUAGE_STANDARD = "gnu++20";
				CLANG_ENABLE_MODULES = YES;
				CLANG_ENABLE_OBJC_ARC = YES;
				CLANG_ENABLE_OBJC_WEAK = YES;
				CLANG_WARN_BLOCK_CAPTURE_AUTORELEASING = YES;
				CLANG_WARN_BOOL_CONVERSION = YES;
				CLANG_WARN_COMMA = YES;
				CLANG_WARN_CONSTANT_CONVERSION = YES;
				CLANG_WARN_DEPRECATED_OBJC_IMPLEMENTATIONS = YES;
				CLANG_WARN_DIRECT_OBJC_ISA_USAGE = YES_ERROR;
				CLANG_WARN_DOCUMENTATION_COMMENTS = YES;
				CLANG_WARN_EMPTY_BODY = YES;
				CLANG_WARN_ENUM_CONVERSION = YES;
				CLANG_WARN_INFINITE_RECURSION = YES;
				CLANG_WARN_INT_CONVERSION = YES;
				CLANG_WARN_NON_LITERAL_NULL_CONVERSION = YES;
				CLANG_WARN_OBJC_IMPLICIT_RETAIN_SELF = YES;
				CLANG_WARN_OBJC_LITERAL_CONVERSION = YES;
				CLANG_WARN_OBJC_ROOT_CLASS = YES_ERROR;
				CLANG_WARN_QUOTED_INCLUDE_IN_FRAMEWORK_HEADER = YES;
				CLANG_WARN_RANGE_LOOP_ANALYSIS = YES;
				CLANG_WARN_STRICT_PROTOTYPES = YES;
				CLANG_WARN_SUSPICIOUS_MOVE = YES;
				CLANG_WARN_UNGUARDED_AVAILABILITY = YES_AGGRESSIVE;
				CLANG_WARN_UNREACHABLE_CODE = YES;
				CLANG_WARN__DUPLICATE_METHOD_MATCH = YES;
				COPY_PHASE_STRIP = NO;
				DEBUG_INFORMATION_FORMAT = dwarf;
				ENABLE_STRICT_OBJC_MSGSEND = YES;
				ENABLE_TESTABILITY = YES;
				GCC_C_LANGUAGE_STANDARD = gnu11;
				GCC_DYNAMIC_NO_PIC = NO;
				GCC_NO_COMMON_BLOCKS = YES;
				GCC_OPTIMIZATION_LEVEL = 0;
				GCC_PREPROCESSOR_DEFINITIONS = (
					"DEBUG=1",
					"$(inherited)",
				);
				GCC_WARN_64_TO_32_BIT_CONVERSION = YES;
				GCC_WARN_ABOUT_RETURN_TYPE = YES_ERROR;
				GCC_WARN_UNDECLARED_SELECTOR = YES;
				GCC_WARN_UNINITIALIZED_AUTOS = YES_AGGRESSIVE;
				GCC_WARN_UNUSED_FUNCTION = YES;
				GCC_WARN_UNUSED_VARIABLE = YES;
				IPHONEOS_DEPLOYMENT_TARGET = 16.2;
				MTL_ENABLE_DEBUG_INFO = INCLUDE_SOURCE;
				MTL_FAST_MATH = YES;
				ONLY_ACTIVE_ARCH = YES;
				SDKROOT = iphoneos;
				SWIFT_ACTIVE_COMPILATION_CONDITIONS = DEBUG;
				SWIFT_OPTIMIZATION_LEVEL = "-Onone";
			};
			name = Debug;
		};
		D5F8C227297BF091004C6146 /* Release */ = {
			isa = XCBuildConfiguration;
			buildSettings = {
				ALWAYS_SEARCH_USER_PATHS = NO;
				CLANG_ANALYZER_NONNULL = YES;
				CLANG_ANALYZER_NUMBER_OBJECT_CONVERSION = YES_AGGRESSIVE;
				CLANG_CXX_LANGUAGE_STANDARD = "gnu++20";
				CLANG_ENABLE_MODULES = YES;
				CLANG_ENABLE_OBJC_ARC = YES;
				CLANG_ENABLE_OBJC_WEAK = YES;
				CLANG_WARN_BLOCK_CAPTURE_AUTORELEASING = YES;
				CLANG_WARN_BOOL_CONVERSION = YES;
				CLANG_WARN_COMMA = YES;
				CLANG_WARN_CONSTANT_CONVERSION = YES;
				CLANG_WARN_DEPRECATED_OBJC_IMPLEMENTATIONS = YES;
				CLANG_WARN_DIRECT_OBJC_ISA_USAGE = YES_ERROR;
				CLANG_WARN_DOCUMENTATION_COMMENTS = YES;
				CLANG_WARN_EMPTY_BODY = YES;
				CLANG_WARN_ENUM_CONVERSION = YES;
				CLANG_WARN_INFINITE_RECURSION = YES;
				CLANG_WARN_INT_CONVERSION = YES;
				CLANG_WARN_NON_LITERAL_NULL_CONVERSION = YES;
				CLANG_WARN_OBJC_IMPLICIT_RETAIN_SELF = YES;
				CLANG_WARN_OBJC_LITERAL_CONVERSION = YES;
				CLANG_WARN_OBJC_ROOT_CLASS = YES_ERROR;
				CLANG_WARN_QUOTED_INCLUDE_IN_FRAMEWORK_HEADER = YES;
				CLANG_WARN_RANGE_LOOP_ANALYSIS = YES;
				CLANG_WARN_STRICT_PROTOTYPES = YES;
				CLANG_WARN_SUSPICIOUS_MOVE = YES;
				CLANG_WARN_UNGUARDED_AVAILABILITY = YES_AGGRESSIVE;
				CLANG_WARN_UNREACHABLE_CODE = YES;
				CLANG_WARN__DUPLICATE_METHOD_MATCH = YES;
				COPY_PHASE_STRIP = NO;
				DEBUG_INFORMATION_FORMAT = "dwarf-with-dsym";
				ENABLE_NS_ASSERTIONS = NO;
				ENABLE_STRICT_OBJC_MSGSEND = YES;
				GCC_C_LANGUAGE_STANDARD = gnu11;
				GCC_NO_COMMON_BLOCKS = YES;
				GCC_WARN_64_TO_32_BIT_CONVERSION = YES;
				GCC_WARN_ABOUT_RETURN_TYPE = YES_ERROR;
				GCC_WARN_UNDECLARED_SELECTOR = YES;
				GCC_WARN_UNINITIALIZED_AUTOS = YES_AGGRESSIVE;
				GCC_WARN_UNUSED_FUNCTION = YES;
				GCC_WARN_UNUSED_VARIABLE = YES;
				IPHONEOS_DEPLOYMENT_TARGET = 16.2;
				MTL_ENABLE_DEBUG_INFO = NO;
				MTL_FAST_MATH = YES;
				SDKROOT = iphoneos;
				SWIFT_COMPILATION_MODE = wholemodule;
				SWIFT_OPTIMIZATION_LEVEL = "-O";
				VALIDATE_PRODUCT = YES;
			};
			name = Release;
		};
		D5F8C229297BF091004C6146 /* Debug */ = {
			isa = XCBuildConfiguration;
			baseConfigurationReference = D5A4F6B841DF77781B7174CD /* Pods-Gromit-client-iOS.debug.xcconfig */;
			buildSettings = {
				ASSETCATALOG_COMPILER_APPICON_NAME = AppIcon;
				ASSETCATALOG_COMPILER_GLOBAL_ACCENT_COLOR_NAME = AccentColor;
				CODE_SIGN_ENTITLEMENTS = "Gromit-client-iOS/Gromit-client-iOS.entitlements";
				CODE_SIGN_STYLE = Automatic;
				CURRENT_PROJECT_VERSION = 1;
				DEVELOPMENT_ASSET_PATHS = "\"Gromit-client-iOS/Preview Content\"";
				ENABLE_PREVIEWS = YES;
				GENERATE_INFOPLIST_FILE = YES;
				INFOPLIST_KEY_UIApplicationSceneManifest_Generation = YES;
				INFOPLIST_KEY_UIApplicationSupportsIndirectInputEvents = YES;
				INFOPLIST_KEY_UILaunchScreen_Generation = YES;
				INFOPLIST_KEY_UISupportedInterfaceOrientations_iPad = "UIInterfaceOrientationPortrait UIInterfaceOrientationPortraitUpsideDown UIInterfaceOrientationLandscapeLeft UIInterfaceOrientationLandscapeRight";
				INFOPLIST_KEY_UISupportedInterfaceOrientations_iPhone = "UIInterfaceOrientationPortrait UIInterfaceOrientationLandscapeLeft UIInterfaceOrientationLandscapeRight";
				LD_RUNPATH_SEARCH_PATHS = (
					"$(inherited)",
					"@executable_path/Frameworks",
				);
				MARKETING_VERSION = 1.0;
				PRODUCT_BUNDLE_IDENTIFIER = teamgromit.gromit;
				PRODUCT_NAME = "$(TARGET_NAME)";
				SWIFT_EMIT_LOC_STRINGS = YES;
				SWIFT_VERSION = 5.0;
				TARGETED_DEVICE_FAMILY = "1,2";
			};
			name = Debug;
		};
		D5F8C22A297BF091004C6146 /* Release */ = {
			isa = XCBuildConfiguration;
			baseConfigurationReference = 367753C7935144B3056DC1D5 /* Pods-Gromit-client-iOS.release.xcconfig */;
			buildSettings = {
				ASSETCATALOG_COMPILER_APPICON_NAME = AppIcon;
				ASSETCATALOG_COMPILER_GLOBAL_ACCENT_COLOR_NAME = AccentColor;
				CODE_SIGN_ENTITLEMENTS = "Gromit-client-iOS/Gromit-client-iOS.entitlements";
				CODE_SIGN_STYLE = Automatic;
				CURRENT_PROJECT_VERSION = 1;
				DEVELOPMENT_ASSET_PATHS = "\"Gromit-client-iOS/Preview Content\"";
				ENABLE_PREVIEWS = YES;
				GENERATE_INFOPLIST_FILE = YES;
				INFOPLIST_KEY_UIApplicationSceneManifest_Generation = YES;
				INFOPLIST_KEY_UIApplicationSupportsIndirectInputEvents = YES;
				INFOPLIST_KEY_UILaunchScreen_Generation = YES;
				INFOPLIST_KEY_UISupportedInterfaceOrientations_iPad = "UIInterfaceOrientationPortrait UIInterfaceOrientationPortraitUpsideDown UIInterfaceOrientationLandscapeLeft UIInterfaceOrientationLandscapeRight";
				INFOPLIST_KEY_UISupportedInterfaceOrientations_iPhone = "UIInterfaceOrientationPortrait UIInterfaceOrientationLandscapeLeft UIInterfaceOrientationLandscapeRight";
				LD_RUNPATH_SEARCH_PATHS = (
					"$(inherited)",
					"@executable_path/Frameworks",
				);
				MARKETING_VERSION = 1.0;
				PRODUCT_BUNDLE_IDENTIFIER = teamgromit.gromit;
				PRODUCT_NAME = "$(TARGET_NAME)";
				SWIFT_EMIT_LOC_STRINGS = YES;
				SWIFT_VERSION = 5.0;
				TARGETED_DEVICE_FAMILY = "1,2";
			};
			name = Release;
		};
/* End XCBuildConfiguration section */

/* Begin XCConfigurationList section */
		D5F8C215297BF090004C6146 /* Build configuration list for PBXProject "Gromit-client-iOS" */ = {
			isa = XCConfigurationList;
			buildConfigurations = (
				D5F8C226297BF091004C6146 /* Debug */,
				D5F8C227297BF091004C6146 /* Release */,
			);
			defaultConfigurationIsVisible = 0;
			defaultConfigurationName = Release;
		};
		D5F8C228297BF091004C6146 /* Build configuration list for PBXNativeTarget "Gromit-client-iOS" */ = {
			isa = XCConfigurationList;
			buildConfigurations = (
				D5F8C229297BF091004C6146 /* Debug */,
				D5F8C22A297BF091004C6146 /* Release */,
			);
			defaultConfigurationIsVisible = 0;
			defaultConfigurationName = Release;
		};
/* End XCConfigurationList section */
	};
	rootObject = D5F8C212297BF090004C6146 /* Project object */;
}
