// !$*UTF8*$!
{
	archiveVersion = 1;
	classes = {
	};
	objectVersion = 56;
	objects = {

/* Begin PBXBuildFile section */
		1111B93529A7E70100695EDF /* NickNameView.swift in Sources */ = {isa = PBXBuildFile; fileRef = 1111B93429A7E70100695EDF /* NickNameView.swift */; };
		1111B93729A7EA0100695EDF /* ChallengeCreationView.swift in Sources */ = {isa = PBXBuildFile; fileRef = 1111B93629A7EA0100695EDF /* ChallengeCreationView.swift */; };
		11782481298B8F43000C640E /* CreationView.swift in Sources */ = {isa = PBXBuildFile; fileRef = 11782480298B8F43000C640E /* CreationView.swift */; };
		11782483298B8F84000C640E /* SearchApi.swift in Sources */ = {isa = PBXBuildFile; fileRef = 11782482298B8F84000C640E /* SearchApi.swift */; };
		11782485298B8F9D000C640E /* search.swift in Sources */ = {isa = PBXBuildFile; fileRef = 11782484298B8F9D000C640E /* search.swift */; };
		20AC076D29A26F44009519A1 /* InputUserNameViewModel.swift in Sources */ = {isa = PBXBuildFile; fileRef = 20AC076C29A26F44009519A1 /* InputUserNameViewModel.swift */; };
		20AC077029A27003009519A1 /* Coordinator.swift in Sources */ = {isa = PBXBuildFile; fileRef = 20AC076F29A27003009519A1 /* Coordinator.swift */; };
		20AC077229A2700D009519A1 /* CoordinatorView.swift in Sources */ = {isa = PBXBuildFile; fileRef = 20AC077129A2700D009519A1 /* CoordinatorView.swift */; };
		224CE19C298459BB007EDD4F /* PopupView in Frameworks */ = {isa = PBXBuildFile; productRef = 224CE19B298459BB007EDD4F /* PopupView */; };
		227133E0298AA17C003025E7 /* InputUserNameView.swift in Sources */ = {isa = PBXBuildFile; fileRef = 227133DF298AA17C003025E7 /* InputUserNameView.swift */; };
		2281F940297DA918000649A9 /* SearchGitUserView.swift in Sources */ = {isa = PBXBuildFile; fileRef = 2281F93F297DA918000649A9 /* SearchGitUserView.swift */; };
		2281F942297DBC9F000649A9 /* SearchGitUser.swift in Sources */ = {isa = PBXBuildFile; fileRef = 2281F941297DBC9F000649A9 /* SearchGitUser.swift */; };
		22C6963D2986F145004F799B /* CombineMoya in Frameworks */ = {isa = PBXBuildFile; productRef = 22C6963C2986F145004F799B /* CombineMoya */; };
		22C6963F2986F145004F799B /* Moya in Frameworks */ = {isa = PBXBuildFile; productRef = 22C6963E2986F145004F799B /* Moya */; };
		22C696412986F145004F799B /* ReactiveMoya in Frameworks */ = {isa = PBXBuildFile; productRef = 22C696402986F145004F799B /* ReactiveMoya */; };
		22C696432986F145004F799B /* RxMoya in Frameworks */ = {isa = PBXBuildFile; productRef = 22C696422986F145004F799B /* RxMoya */; };
		D514C9A9298BB463002E4E5A /* InputUserNameEntity.swift in Sources */ = {isa = PBXBuildFile; fileRef = D514C9A8298BB463002E4E5A /* InputUserNameEntity.swift */; };
		D52EC0C1298BB903004B999B /* InputUserNameEntity.swift in Sources */ = {isa = PBXBuildFile; fileRef = D52EC0C0298BB903004B999B /* InputUserNameEntity.swift */; };
		D53AC6F3299CB65200470E2A /* ChallengeListView.swift in Sources */ = {isa = PBXBuildFile; fileRef = D53AC6F2299CB65200470E2A /* ChallengeListView.swift */; };
		D561F7632986FDAB009E3639 /* GeneralAPI.swift in Sources */ = {isa = PBXBuildFile; fileRef = D561F7622986FDAB009E3639 /* GeneralAPI.swift */; };
		D56FE80A298781C500374A9A /* LoginWithAppleRequest.swift in Sources */ = {isa = PBXBuildFile; fileRef = D56FE809298781C500374A9A /* LoginWithAppleRequest.swift */; };
		D56FE80F298787AF00374A9A /* SignInEntity.swift in Sources */ = {isa = PBXBuildFile; fileRef = D56FE80E298787AF00374A9A /* SignInEntity.swift */; };
		D56FE8112987F68300374A9A /* FinalLevelView.swift in Sources */ = {isa = PBXBuildFile; fileRef = D56FE8102987F68300374A9A /* FinalLevelView.swift */; };
		D56FE8132987F6AC00374A9A /* CollectionListView.swift in Sources */ = {isa = PBXBuildFile; fileRef = D56FE8122987F6AC00374A9A /* CollectionListView.swift */; };
		D56FE8152987FAD300374A9A /* User.swift in Sources */ = {isa = PBXBuildFile; fileRef = D56FE8142987FAD300374A9A /* User.swift */; };
		D56FE81B2987FFC200374A9A /* SearchGitUserEntity.swift in Sources */ = {isa = PBXBuildFile; fileRef = D56FE81A2987FFC200374A9A /* SearchGitUserEntity.swift */; };
		D56FE81D2988014700374A9A /* Constants.swift in Sources */ = {isa = PBXBuildFile; fileRef = D56FE81C2988014600374A9A /* Constants.swift */; };
		D56FE81F29882ABD00374A9A /* TempSearchGitUserView.swift in Sources */ = {isa = PBXBuildFile; fileRef = D56FE81E29882ABD00374A9A /* TempSearchGitUserView.swift */; };
		D56FE821298838E400374A9A /* SearchGitUserViewModel.swift in Sources */ = {isa = PBXBuildFile; fileRef = D56FE820298838E400374A9A /* SearchGitUserViewModel.swift */; };
		D592104729967ADF00E637C6 /* SignInViewModel.swift in Sources */ = {isa = PBXBuildFile; fileRef = D592104629967ADF00E637C6 /* SignInViewModel.swift */; };
		D5A7F191299E862700EC6A49 /* ParticipatingDetailView.swift in Sources */ = {isa = PBXBuildFile; fileRef = D5A7F190299E862700EC6A49 /* ParticipatingDetailView.swift */; };
		D5F8C21E297BF090004C6146 /* Gromit_client_iOSApp.swift in Sources */ = {isa = PBXBuildFile; fileRef = D5F8C21D297BF090004C6146 /* Gromit_client_iOSApp.swift */; };
		D5F8C222297BF091004C6146 /* Assets.xcassets in Resources */ = {isa = PBXBuildFile; fileRef = D5F8C221297BF091004C6146 /* Assets.xcassets */; };
		D5F8C225297BF091004C6146 /* Preview Assets.xcassets in Resources */ = {isa = PBXBuildFile; fileRef = D5F8C224297BF091004C6146 /* Preview Assets.xcassets */; };
		D5F8C231297BF1DE004C6146 /* TempView.swift in Sources */ = {isa = PBXBuildFile; fileRef = D5F8C230297BF1DE004C6146 /* TempView.swift */; };
		D5F8C233297BF1FD004C6146 /* SignInView.swift in Sources */ = {isa = PBXBuildFile; fileRef = D5F8C232297BF1FD004C6146 /* SignInView.swift */; };
		D5F8C235297BF20B004C6146 /* HomeView.swift in Sources */ = {isa = PBXBuildFile; fileRef = D5F8C234297BF20B004C6146 /* HomeView.swift */; };
		D5F8C239297BF224004C6146 /* ParticipatingListView.swift in Sources */ = {isa = PBXBuildFile; fileRef = D5F8C238297BF224004C6146 /* ParticipatingListView.swift */; };
		D5F8C23B297BF22A004C6146 /* SettingsView.swift in Sources */ = {isa = PBXBuildFile; fileRef = D5F8C23A297BF22A004C6146 /* SettingsView.swift */; };
		D5F8C23D297BF231004C6146 /* GromitMainView.swift in Sources */ = {isa = PBXBuildFile; fileRef = D5F8C23C297BF231004C6146 /* GromitMainView.swift */; };
		D5F8C23F297BF4CE004C6146 /* Challenge.swift in Sources */ = {isa = PBXBuildFile; fileRef = D5F8C23E297BF4CE004C6146 /* Challenge.swift */; };
/* End PBXBuildFile section */

/* Begin PBXFileReference section */
		1111B93429A7E70100695EDF /* NickNameView.swift */ = {isa = PBXFileReference; lastKnownFileType = sourcecode.swift; path = NickNameView.swift; sourceTree = "<group>"; };
		1111B93629A7EA0100695EDF /* ChallengeCreationView.swift */ = {isa = PBXFileReference; lastKnownFileType = sourcecode.swift; path = ChallengeCreationView.swift; sourceTree = "<group>"; };
		11782480298B8F43000C640E /* CreationView.swift */ = {isa = PBXFileReference; lastKnownFileType = sourcecode.swift; path = CreationView.swift; sourceTree = "<group>"; };
		11782482298B8F84000C640E /* SearchApi.swift */ = {isa = PBXFileReference; lastKnownFileType = sourcecode.swift; path = SearchApi.swift; sourceTree = "<group>"; };
		11782484298B8F9D000C640E /* search.swift */ = {isa = PBXFileReference; lastKnownFileType = sourcecode.swift; path = search.swift; sourceTree = "<group>"; };
		20AC076C29A26F44009519A1 /* InputUserNameViewModel.swift */ = {isa = PBXFileReference; fileEncoding = 4; lastKnownFileType = sourcecode.swift; path = InputUserNameViewModel.swift; sourceTree = "<group>"; };
		20AC076F29A27003009519A1 /* Coordinator.swift */ = {isa = PBXFileReference; lastKnownFileType = sourcecode.swift; path = Coordinator.swift; sourceTree = "<group>"; };
		20AC077129A2700D009519A1 /* CoordinatorView.swift */ = {isa = PBXFileReference; lastKnownFileType = sourcecode.swift; path = CoordinatorView.swift; sourceTree = "<group>"; };
		22659355297FA0A80031E6C0 /* Gromit-client-iOS.entitlements */ = {isa = PBXFileReference; lastKnownFileType = text.plist.entitlements; path = "Gromit-client-iOS.entitlements"; sourceTree = "<group>"; };
		227133DF298AA17C003025E7 /* InputUserNameView.swift */ = {isa = PBXFileReference; lastKnownFileType = sourcecode.swift; path = InputUserNameView.swift; sourceTree = "<group>"; };
		2281F93F297DA918000649A9 /* SearchGitUserView.swift */ = {isa = PBXFileReference; lastKnownFileType = sourcecode.swift; path = SearchGitUserView.swift; sourceTree = "<group>"; };
		2281F941297DBC9F000649A9 /* SearchGitUser.swift */ = {isa = PBXFileReference; lastKnownFileType = sourcecode.swift; path = SearchGitUser.swift; sourceTree = "<group>"; };
		D514C9A8298BB463002E4E5A /* InputUserNameEntity.swift */ = {isa = PBXFileReference; lastKnownFileType = sourcecode.swift; path = InputUserNameEntity.swift; sourceTree = "<group>"; };
		D52EC0C0298BB903004B999B /* InputUserNameEntity.swift */ = {isa = PBXFileReference; lastKnownFileType = sourcecode.swift; name = InputUserNameEntity.swift; path = "Gromit-client-iOS/Services/Entities/InputUserNameEntity.swift"; sourceTree = SOURCE_ROOT; };
		D53AC6F2299CB65200470E2A /* ChallengeListView.swift */ = {isa = PBXFileReference; lastKnownFileType = sourcecode.swift; path = ChallengeListView.swift; sourceTree = "<group>"; };
		D561F7622986FDAB009E3639 /* GeneralAPI.swift */ = {isa = PBXFileReference; lastKnownFileType = sourcecode.swift; path = GeneralAPI.swift; sourceTree = "<group>"; };
		D56FE809298781C500374A9A /* LoginWithAppleRequest.swift */ = {isa = PBXFileReference; lastKnownFileType = sourcecode.swift; path = LoginWithAppleRequest.swift; sourceTree = "<group>"; };
		D56FE80E298787AF00374A9A /* SignInEntity.swift */ = {isa = PBXFileReference; lastKnownFileType = sourcecode.swift; path = SignInEntity.swift; sourceTree = "<group>"; };
		D56FE8102987F68300374A9A /* FinalLevelView.swift */ = {isa = PBXFileReference; lastKnownFileType = sourcecode.swift; path = FinalLevelView.swift; sourceTree = "<group>"; };
		D56FE8122987F6AC00374A9A /* CollectionListView.swift */ = {isa = PBXFileReference; lastKnownFileType = sourcecode.swift; path = CollectionListView.swift; sourceTree = "<group>"; };
		D56FE8142987FAD300374A9A /* User.swift */ = {isa = PBXFileReference; lastKnownFileType = sourcecode.swift; path = User.swift; sourceTree = "<group>"; };
		D56FE81A2987FFC200374A9A /* SearchGitUserEntity.swift */ = {isa = PBXFileReference; lastKnownFileType = sourcecode.swift; path = SearchGitUserEntity.swift; sourceTree = "<group>"; };
		D56FE81C2988014600374A9A /* Constants.swift */ = {isa = PBXFileReference; lastKnownFileType = sourcecode.swift; path = Constants.swift; sourceTree = "<group>"; };
		D56FE81E29882ABD00374A9A /* TempSearchGitUserView.swift */ = {isa = PBXFileReference; lastKnownFileType = sourcecode.swift; path = TempSearchGitUserView.swift; sourceTree = "<group>"; };
		D56FE820298838E400374A9A /* SearchGitUserViewModel.swift */ = {isa = PBXFileReference; lastKnownFileType = sourcecode.swift; name = SearchGitUserViewModel.swift; path = "Gromit-client-iOS/ViewModels/SearchGitUserViewModel.swift"; sourceTree = SOURCE_ROOT; };
		D575D2B029896C660024C6DA /* Info.plist */ = {isa = PBXFileReference; lastKnownFileType = text.plist; path = Info.plist; sourceTree = "<group>"; };
		D592104629967ADF00E637C6 /* SignInViewModel.swift */ = {isa = PBXFileReference; lastKnownFileType = sourcecode.swift; name = SignInViewModel.swift; path = "Gromit-client-iOS/ViewModels/SignInViewModel.swift"; sourceTree = SOURCE_ROOT; };
		D5A7F190299E862700EC6A49 /* ParticipatingDetailView.swift */ = {isa = PBXFileReference; lastKnownFileType = sourcecode.swift; path = ParticipatingDetailView.swift; sourceTree = "<group>"; };
		D5F8C21A297BF090004C6146 /* Gromit-client-iOS.app */ = {isa = PBXFileReference; explicitFileType = wrapper.application; includeInIndex = 0; path = "Gromit-client-iOS.app"; sourceTree = BUILT_PRODUCTS_DIR; };
		D5F8C21D297BF090004C6146 /* Gromit_client_iOSApp.swift */ = {isa = PBXFileReference; lastKnownFileType = sourcecode.swift; path = Gromit_client_iOSApp.swift; sourceTree = "<group>"; };
		D5F8C221297BF091004C6146 /* Assets.xcassets */ = {isa = PBXFileReference; lastKnownFileType = folder.assetcatalog; path = Assets.xcassets; sourceTree = "<group>"; };
		D5F8C224297BF091004C6146 /* Preview Assets.xcassets */ = {isa = PBXFileReference; lastKnownFileType = folder.assetcatalog; path = "Preview Assets.xcassets"; sourceTree = "<group>"; };
		D5F8C230297BF1DE004C6146 /* TempView.swift */ = {isa = PBXFileReference; lastKnownFileType = sourcecode.swift; path = TempView.swift; sourceTree = "<group>"; };
		D5F8C232297BF1FD004C6146 /* SignInView.swift */ = {isa = PBXFileReference; lastKnownFileType = sourcecode.swift; path = SignInView.swift; sourceTree = "<group>"; };
		D5F8C234297BF20B004C6146 /* HomeView.swift */ = {isa = PBXFileReference; lastKnownFileType = sourcecode.swift; path = HomeView.swift; sourceTree = "<group>"; };
		D5F8C238297BF224004C6146 /* ParticipatingListView.swift */ = {isa = PBXFileReference; lastKnownFileType = sourcecode.swift; path = ParticipatingListView.swift; sourceTree = "<group>"; };
		D5F8C23A297BF22A004C6146 /* SettingsView.swift */ = {isa = PBXFileReference; lastKnownFileType = sourcecode.swift; path = SettingsView.swift; sourceTree = "<group>"; };
		D5F8C23C297BF231004C6146 /* GromitMainView.swift */ = {isa = PBXFileReference; lastKnownFileType = sourcecode.swift; path = GromitMainView.swift; sourceTree = "<group>"; };
		D5F8C23E297BF4CE004C6146 /* Challenge.swift */ = {isa = PBXFileReference; lastKnownFileType = sourcecode.swift; path = Challenge.swift; sourceTree = "<group>"; };
/* End PBXFileReference section */

/* Begin PBXFrameworksBuildPhase section */
		D5F8C217297BF090004C6146 /* Frameworks */ = {
			isa = PBXFrameworksBuildPhase;
			buildActionMask = 2147483647;
			files = (
				22C696432986F145004F799B /* RxMoya in Frameworks */,
				22C6963D2986F145004F799B /* CombineMoya in Frameworks */,
				22C696412986F145004F799B /* ReactiveMoya in Frameworks */,
				224CE19C298459BB007EDD4F /* PopupView in Frameworks */,
				22C6963F2986F145004F799B /* Moya in Frameworks */,
			);
			runOnlyForDeploymentPostprocessing = 0;
		};
/* End PBXFrameworksBuildPhase section */

/* Begin PBXGroup section */
		20AC076E29A26FEE009519A1 /* CoordinatorView */ = {
			isa = PBXGroup;
			children = (
				20AC076F29A27003009519A1 /* Coordinator.swift */,
				20AC077129A2700D009519A1 /* CoordinatorView.swift */,
			);
			path = CoordinatorView;
			sourceTree = "<group>";
		};
		D52DB51C2986FCF200B7A3CC /* Services */ = {
			isa = PBXGroup;
			children = (
				D56FE80D2987878300374A9A /* Entities */,
				D56FE80C2987864600374A9A /* Requests */,
				D561F7622986FDAB009E3639 /* GeneralAPI.swift */,
			);
			path = Services;
			sourceTree = "<group>";
		};
		D56FE80C2987864600374A9A /* Requests */ = {
			isa = PBXGroup;
			children = (
				D56FE809298781C500374A9A /* LoginWithAppleRequest.swift */,
			);
			path = Requests;
			sourceTree = "<group>";
		};
		D56FE80D2987878300374A9A /* Entities */ = {
			isa = PBXGroup;
			children = (
				D56FE80E298787AF00374A9A /* SignInEntity.swift */,
				D52EC0C0298BB903004B999B /* InputUserNameEntity.swift */,
				D56FE81A2987FFC200374A9A /* SearchGitUserEntity.swift */,
				D514C9A8298BB463002E4E5A /* InputUserNameEntity.swift */,
			);
			path = Entities;
			sourceTree = "<group>";
		};
		D5F8C211297BF090004C6146 = {
			isa = PBXGroup;
			children = (
				D5F8C21C297BF090004C6146 /* Gromit-client-iOS */,
				D5F8C21B297BF090004C6146 /* Products */,
			);
			sourceTree = "<group>";
		};
		D5F8C21B297BF090004C6146 /* Products */ = {
			isa = PBXGroup;
			children = (
				D5F8C21A297BF090004C6146 /* Gromit-client-iOS.app */,
			);
			name = Products;
			sourceTree = "<group>";
		};
		D5F8C21C297BF090004C6146 /* Gromit-client-iOS */ = {
			isa = PBXGroup;
			children = (
				D5F8C22E297BF1A3004C6146 /* Views */,
				D5F8C22D297BF188004C6146 /* ViewModels */,
				D52DB51C2986FCF200B7A3CC /* Services */,
				D5F8C22F297BF1A9004C6146 /* Models */,
				D56FE81C2988014600374A9A /* Constants.swift */,
				D5F8C21D297BF090004C6146 /* Gromit_client_iOSApp.swift */,
				D5F8C221297BF091004C6146 /* Assets.xcassets */,
				22659355297FA0A80031E6C0 /* Gromit-client-iOS.entitlements */,
				D575D2B029896C660024C6DA /* Info.plist */,
				D5F8C223297BF091004C6146 /* Preview Content */,
			);
			path = "Gromit-client-iOS";
			sourceTree = "<group>";
		};
		D5F8C223297BF091004C6146 /* Preview Content */ = {
			isa = PBXGroup;
			children = (
				D5F8C224297BF091004C6146 /* Preview Assets.xcassets */,
			);
			path = "Preview Content";
			sourceTree = "<group>";
		};
		D5F8C22D297BF188004C6146 /* ViewModels */ = {
			isa = PBXGroup;
			children = (
				20AC076C29A26F44009519A1 /* InputUserNameViewModel.swift */,
				D56FE820298838E400374A9A /* SearchGitUserViewModel.swift */,
				D592104629967ADF00E637C6 /* SignInViewModel.swift */,
			);
			path = ViewModels;
			sourceTree = "<group>";
		};
		D5F8C22E297BF1A3004C6146 /* Views */ = {
			isa = PBXGroup;
			children = (
				20AC076E29A26FEE009519A1 /* CoordinatorView */,
				D5F8C232297BF1FD004C6146 /* SignInView.swift */,
				2281F93F297DA918000649A9 /* SearchGitUserView.swift */,
				D56FE81E29882ABD00374A9A /* TempSearchGitUserView.swift */,
				227133DF298AA17C003025E7 /* InputUserNameView.swift */,
				D5F8C23C297BF231004C6146 /* GromitMainView.swift */,
				D5F8C234297BF20B004C6146 /* HomeView.swift */,
				D56FE8102987F68300374A9A /* FinalLevelView.swift */,
				D56FE8122987F6AC00374A9A /* CollectionListView.swift */,
				D53AC6F2299CB65200470E2A /* ChallengeListView.swift */,
				D5F8C238297BF224004C6146 /* ParticipatingListView.swift */,
				D5A7F190299E862700EC6A49 /* ParticipatingDetailView.swift */,
				11782480298B8F43000C640E /* CreationView.swift */,
				1111B93629A7EA0100695EDF /* ChallengeCreationView.swift */,
				D5F8C23A297BF22A004C6146 /* SettingsView.swift */,
				1111B93429A7E70100695EDF /* NickNameView.swift */,
				D5F8C230297BF1DE004C6146 /* TempView.swift */,
			);
			path = Views;
			sourceTree = "<group>";
		};
		D5F8C22F297BF1A9004C6146 /* Models */ = {
			isa = PBXGroup;
			children = (
				D5F8C23E297BF4CE004C6146 /* Challenge.swift */,
				11782482298B8F84000C640E /* SearchApi.swift */,
				11782484298B8F9D000C640E /* search.swift */,
				2281F941297DBC9F000649A9 /* SearchGitUser.swift */,
				D56FE8142987FAD300374A9A /* User.swift */,
			);
			path = Models;
			sourceTree = "<group>";
		};
/* End PBXGroup section */

/* Begin PBXNativeTarget section */
		D5F8C219297BF090004C6146 /* Gromit-client-iOS */ = {
			isa = PBXNativeTarget;
			buildConfigurationList = D5F8C228297BF091004C6146 /* Build configuration list for PBXNativeTarget "Gromit-client-iOS" */;
			buildPhases = (
				D5F8C216297BF090004C6146 /* Sources */,
				D5F8C217297BF090004C6146 /* Frameworks */,
				D5F8C218297BF090004C6146 /* Resources */,
			);
			buildRules = (
			);
			dependencies = (
			);
			name = "Gromit-client-iOS";
			packageProductDependencies = (
				224CE19B298459BB007EDD4F /* PopupView */,
				22C6963C2986F145004F799B /* CombineMoya */,
				22C6963E2986F145004F799B /* Moya */,
				22C696402986F145004F799B /* ReactiveMoya */,
				22C696422986F145004F799B /* RxMoya */,
			);
			productName = "Gromit-client-iOS";
			productReference = D5F8C21A297BF090004C6146 /* Gromit-client-iOS.app */;
			productType = "com.apple.product-type.application";
		};
/* End PBXNativeTarget section */

/* Begin PBXProject section */
		D5F8C212297BF090004C6146 /* Project object */ = {
			isa = PBXProject;
			attributes = {
				BuildIndependentTargetsInParallel = 1;
				LastSwiftUpdateCheck = 1420;
				LastUpgradeCheck = 1420;
				TargetAttributes = {
					D5F8C219297BF090004C6146 = {
						CreatedOnToolsVersion = 14.2;
					};
				};
			};
			buildConfigurationList = D5F8C215297BF090004C6146 /* Build configuration list for PBXProject "Gromit-client-iOS" */;
			compatibilityVersion = "Xcode 14.0";
			developmentRegion = en;
			hasScannedForEncodings = 0;
			knownRegions = (
				en,
				Base,
			);
			mainGroup = D5F8C211297BF090004C6146;
			packageReferences = (
				224CE19A298459BB007EDD4F /* XCRemoteSwiftPackageReference "PopupView" */,
				22C6963B2986F145004F799B /* XCRemoteSwiftPackageReference "Moya" */,
			);
			productRefGroup = D5F8C21B297BF090004C6146 /* Products */;
			projectDirPath = "";
			projectRoot = "";
			targets = (
				D5F8C219297BF090004C6146 /* Gromit-client-iOS */,
			);
		};
/* End PBXProject section */

/* Begin PBXResourcesBuildPhase section */
		D5F8C218297BF090004C6146 /* Resources */ = {
			isa = PBXResourcesBuildPhase;
			buildActionMask = 2147483647;
			files = (
				D5F8C225297BF091004C6146 /* Preview Assets.xcassets in Resources */,
				D5F8C222297BF091004C6146 /* Assets.xcassets in Resources */,
			);
			runOnlyForDeploymentPostprocessing = 0;
		};
/* End PBXResourcesBuildPhase section */

/* Begin PBXSourcesBuildPhase section */
		D5F8C216297BF090004C6146 /* Sources */ = {
			isa = PBXSourcesBuildPhase;
			buildActionMask = 2147483647;
			files = (
				D56FE80A298781C500374A9A /* LoginWithAppleRequest.swift in Sources */,
				D56FE81D2988014700374A9A /* Constants.swift in Sources */,
				D56FE821298838E400374A9A /* SearchGitUserViewModel.swift in Sources */,
				D56FE80F298787AF00374A9A /* SignInEntity.swift in Sources */,
				20AC076D29A26F44009519A1 /* InputUserNameViewModel.swift in Sources */,
				D56FE80F298787AF00374A9A /* SignInEntity.swift in Sources */,
				11782481298B8F43000C640E /* CreationView.swift in Sources */,
				D514C9A9298BB463002E4E5A /* InputUserNameEntity.swift in Sources */,
				1111B93729A7EA0100695EDF /* ChallengeCreationView.swift in Sources */,
				D5F8C23B297BF22A004C6146 /* SettingsView.swift in Sources */,
				D52EC0C1298BB903004B999B /* InputUserNameEntity.swift in Sources */,
				D5F8C23D297BF231004C6146 /* GromitMainView.swift in Sources */,
				D561F7632986FDAB009E3639 /* GeneralAPI.swift in Sources */,
				D5F8C231297BF1DE004C6146 /* TempView.swift in Sources */,
				D592104729967ADF00E637C6 /* SignInViewModel.swift in Sources */,
				D56FE81B2987FFC200374A9A /* SearchGitUserEntity.swift in Sources */,
				D5F8C239297BF224004C6146 /* ParticipatingListView.swift in Sources */,
				20AC077029A27003009519A1 /* Coordinator.swift in Sources */,
				2281F940297DA918000649A9 /* SearchGitUserView.swift in Sources */,
				227133E0298AA17C003025E7 /* InputUserNameView.swift in Sources */,
				20AC077229A2700D009519A1 /* CoordinatorView.swift in Sources */,
				1111B93529A7E70100695EDF /* NickNameView.swift in Sources */,
				D5F8C233297BF1FD004C6146 /* SignInView.swift in Sources */,
				D56FE8132987F6AC00374A9A /* CollectionListView.swift in Sources */,
				D5F8C235297BF20B004C6146 /* HomeView.swift in Sources */,
				D53AC6F3299CB65200470E2A /* ChallengeListView.swift in Sources */,
				D56FE8112987F68300374A9A /* FinalLevelView.swift in Sources */,
				D56FE8152987FAD300374A9A /* User.swift in Sources */,
				D5F8C21E297BF090004C6146 /* Gromit_client_iOSApp.swift in Sources */,
				D56FE81F29882ABD00374A9A /* TempSearchGitUserView.swift in Sources */,
				2281F942297DBC9F000649A9 /* SearchGitUser.swift in Sources */,
				11782485298B8F9D000C640E /* search.swift in Sources */,
				D5A7F191299E862700EC6A49 /* ParticipatingDetailView.swift in Sources */,
				11782483298B8F84000C640E /* SearchApi.swift in Sources */,
				D5F8C23F297BF4CE004C6146 /* Challenge.swift in Sources */,
			);
			runOnlyForDeploymentPostprocessing = 0;
		};
/* End PBXSourcesBuildPhase section */

/* Begin XCBuildConfiguration section */
		D5F8C226297BF091004C6146 /* Debug */ = {
			isa = XCBuildConfiguration;
			buildSettings = {
				ALWAYS_SEARCH_USER_PATHS = NO;
				CLANG_ANALYZER_NONNULL = YES;
				CLANG_ANALYZER_NUMBER_OBJECT_CONVERSION = YES_AGGRESSIVE;
				CLANG_CXX_LANGUAGE_STANDARD = "gnu++20";
				CLANG_ENABLE_MODULES = YES;
				CLANG_ENABLE_OBJC_ARC = YES;
				CLANG_ENABLE_OBJC_WEAK = YES;
				CLANG_WARN_BLOCK_CAPTURE_AUTORELEASING = YES;
				CLANG_WARN_BOOL_CONVERSION = YES;
				CLANG_WARN_COMMA = YES;
				CLANG_WARN_CONSTANT_CONVERSION = YES;
				CLANG_WARN_DEPRECATED_OBJC_IMPLEMENTATIONS = YES;
				CLANG_WARN_DIRECT_OBJC_ISA_USAGE = YES_ERROR;
				CLANG_WARN_DOCUMENTATION_COMMENTS = YES;
				CLANG_WARN_EMPTY_BODY = YES;
				CLANG_WARN_ENUM_CONVERSION = YES;
				CLANG_WARN_INFINITE_RECURSION = YES;
				CLANG_WARN_INT_CONVERSION = YES;
				CLANG_WARN_NON_LITERAL_NULL_CONVERSION = YES;
				CLANG_WARN_OBJC_IMPLICIT_RETAIN_SELF = YES;
				CLANG_WARN_OBJC_LITERAL_CONVERSION = YES;
				CLANG_WARN_OBJC_ROOT_CLASS = YES_ERROR;
				CLANG_WARN_QUOTED_INCLUDE_IN_FRAMEWORK_HEADER = YES;
				CLANG_WARN_RANGE_LOOP_ANALYSIS = YES;
				CLANG_WARN_STRICT_PROTOTYPES = YES;
				CLANG_WARN_SUSPICIOUS_MOVE = YES;
				CLANG_WARN_UNGUARDED_AVAILABILITY = YES_AGGRESSIVE;
				CLANG_WARN_UNREACHABLE_CODE = YES;
				CLANG_WARN__DUPLICATE_METHOD_MATCH = YES;
				COPY_PHASE_STRIP = NO;
				DEBUG_INFORMATION_FORMAT = dwarf;
				ENABLE_STRICT_OBJC_MSGSEND = YES;
				ENABLE_TESTABILITY = YES;
				GCC_C_LANGUAGE_STANDARD = gnu11;
				GCC_DYNAMIC_NO_PIC = NO;
				GCC_NO_COMMON_BLOCKS = YES;
				GCC_OPTIMIZATION_LEVEL = 0;
				GCC_PREPROCESSOR_DEFINITIONS = (
					"DEBUG=1",
					"$(inherited)",
				);
				GCC_WARN_64_TO_32_BIT_CONVERSION = YES;
				GCC_WARN_ABOUT_RETURN_TYPE = YES_ERROR;
				GCC_WARN_UNDECLARED_SELECTOR = YES;
				GCC_WARN_UNINITIALIZED_AUTOS = YES_AGGRESSIVE;
				GCC_WARN_UNUSED_FUNCTION = YES;
				GCC_WARN_UNUSED_VARIABLE = YES;
				IPHONEOS_DEPLOYMENT_TARGET = 16.2;
				MTL_ENABLE_DEBUG_INFO = INCLUDE_SOURCE;
				MTL_FAST_MATH = YES;
				ONLY_ACTIVE_ARCH = YES;
				SDKROOT = iphoneos;
				SWIFT_ACTIVE_COMPILATION_CONDITIONS = DEBUG;
				SWIFT_OPTIMIZATION_LEVEL = "-Onone";
			};
			name = Debug;
		};
		D5F8C227297BF091004C6146 /* Release */ = {
			isa = XCBuildConfiguration;
			buildSettings = {
				ALWAYS_SEARCH_USER_PATHS = NO;
				CLANG_ANALYZER_NONNULL = YES;
				CLANG_ANALYZER_NUMBER_OBJECT_CONVERSION = YES_AGGRESSIVE;
				CLANG_CXX_LANGUAGE_STANDARD = "gnu++20";
				CLANG_ENABLE_MODULES = YES;
				CLANG_ENABLE_OBJC_ARC = YES;
				CLANG_ENABLE_OBJC_WEAK = YES;
				CLANG_WARN_BLOCK_CAPTURE_AUTORELEASING = YES;
				CLANG_WARN_BOOL_CONVERSION = YES;
				CLANG_WARN_COMMA = YES;
				CLANG_WARN_CONSTANT_CONVERSION = YES;
				CLANG_WARN_DEPRECATED_OBJC_IMPLEMENTATIONS = YES;
				CLANG_WARN_DIRECT_OBJC_ISA_USAGE = YES_ERROR;
				CLANG_WARN_DOCUMENTATION_COMMENTS = YES;
				CLANG_WARN_EMPTY_BODY = YES;
				CLANG_WARN_ENUM_CONVERSION = YES;
				CLANG_WARN_INFINITE_RECURSION = YES;
				CLANG_WARN_INT_CONVERSION = YES;
				CLANG_WARN_NON_LITERAL_NULL_CONVERSION = YES;
				CLANG_WARN_OBJC_IMPLICIT_RETAIN_SELF = YES;
				CLANG_WARN_OBJC_LITERAL_CONVERSION = YES;
				CLANG_WARN_OBJC_ROOT_CLASS = YES_ERROR;
				CLANG_WARN_QUOTED_INCLUDE_IN_FRAMEWORK_HEADER = YES;
				CLANG_WARN_RANGE_LOOP_ANALYSIS = YES;
				CLANG_WARN_STRICT_PROTOTYPES = YES;
				CLANG_WARN_SUSPICIOUS_MOVE = YES;
				CLANG_WARN_UNGUARDED_AVAILABILITY = YES_AGGRESSIVE;
				CLANG_WARN_UNREACHABLE_CODE = YES;
				CLANG_WARN__DUPLICATE_METHOD_MATCH = YES;
				COPY_PHASE_STRIP = NO;
				DEBUG_INFORMATION_FORMAT = "dwarf-with-dsym";
				ENABLE_NS_ASSERTIONS = NO;
				ENABLE_STRICT_OBJC_MSGSEND = YES;
				GCC_C_LANGUAGE_STANDARD = gnu11;
				GCC_NO_COMMON_BLOCKS = YES;
				GCC_WARN_64_TO_32_BIT_CONVERSION = YES;
				GCC_WARN_ABOUT_RETURN_TYPE = YES_ERROR;
				GCC_WARN_UNDECLARED_SELECTOR = YES;
				GCC_WARN_UNINITIALIZED_AUTOS = YES_AGGRESSIVE;
				GCC_WARN_UNUSED_FUNCTION = YES;
				GCC_WARN_UNUSED_VARIABLE = YES;
				IPHONEOS_DEPLOYMENT_TARGET = 16.2;
				MTL_ENABLE_DEBUG_INFO = NO;
				MTL_FAST_MATH = YES;
				SDKROOT = iphoneos;
				SWIFT_COMPILATION_MODE = wholemodule;
				SWIFT_OPTIMIZATION_LEVEL = "-O";
				VALIDATE_PRODUCT = YES;
			};
			name = Release;
		};
		D5F8C229297BF091004C6146 /* Debug */ = {
			isa = XCBuildConfiguration;
			buildSettings = {
				ASSETCATALOG_COMPILER_APPICON_NAME = AppIcon;
				ASSETCATALOG_COMPILER_GLOBAL_ACCENT_COLOR_NAME = AccentColor;
				CODE_SIGN_ENTITLEMENTS = "Gromit-client-iOS/Gromit-client-iOS.entitlements";
				CODE_SIGN_STYLE = Automatic;
				CURRENT_PROJECT_VERSION = 1;
				DEVELOPMENT_ASSET_PATHS = "\"Gromit-client-iOS/Preview Content\"";
				ENABLE_PREVIEWS = YES;
				GENERATE_INFOPLIST_FILE = YES;
				INFOPLIST_FILE = "Gromit-client-iOS/Info.plist";
				INFOPLIST_KEY_UIApplicationSupportsIndirectInputEvents = YES;
				INFOPLIST_KEY_UILaunchScreen_Generation = YES;
				INFOPLIST_KEY_UISupportedInterfaceOrientations_iPad = "UIInterfaceOrientationPortrait UIInterfaceOrientationPortraitUpsideDown UIInterfaceOrientationLandscapeLeft UIInterfaceOrientationLandscapeRight";
				INFOPLIST_KEY_UISupportedInterfaceOrientations_iPhone = "UIInterfaceOrientationPortrait UIInterfaceOrientationLandscapeLeft UIInterfaceOrientationLandscapeRight";
				LD_RUNPATH_SEARCH_PATHS = (
					"$(inherited)",
					"@executable_path/Frameworks",
				);
				MARKETING_VERSION = 1.0;
				NEW_SETTING = "";
				PRODUCT_BUNDLE_IDENTIFIER = teamgromit.gromit;
				PRODUCT_NAME = "$(TARGET_NAME)";
				SWIFT_EMIT_LOC_STRINGS = YES;
				SWIFT_VERSION = 5.0;
				TARGETED_DEVICE_FAMILY = "1,2";
			};
			name = Debug;
		};
		D5F8C22A297BF091004C6146 /* Release */ = {
			isa = XCBuildConfiguration;
			buildSettings = {
				ASSETCATALOG_COMPILER_APPICON_NAME = AppIcon;
				ASSETCATALOG_COMPILER_GLOBAL_ACCENT_COLOR_NAME = AccentColor;
				CODE_SIGN_ENTITLEMENTS = "Gromit-client-iOS/Gromit-client-iOS.entitlements";
				CODE_SIGN_STYLE = Automatic;
				CURRENT_PROJECT_VERSION = 1;
				DEVELOPMENT_ASSET_PATHS = "\"Gromit-client-iOS/Preview Content\"";
				ENABLE_PREVIEWS = YES;
				GENERATE_INFOPLIST_FILE = YES;
				INFOPLIST_FILE = "Gromit-client-iOS/Info.plist";
				INFOPLIST_KEY_UIApplicationSupportsIndirectInputEvents = YES;
				INFOPLIST_KEY_UILaunchScreen_Generation = YES;
				INFOPLIST_KEY_UISupportedInterfaceOrientations_iPad = "UIInterfaceOrientationPortrait UIInterfaceOrientationPortraitUpsideDown UIInterfaceOrientationLandscapeLeft UIInterfaceOrientationLandscapeRight";
				INFOPLIST_KEY_UISupportedInterfaceOrientations_iPhone = "UIInterfaceOrientationPortrait UIInterfaceOrientationLandscapeLeft UIInterfaceOrientationLandscapeRight";
				LD_RUNPATH_SEARCH_PATHS = (
					"$(inherited)",
					"@executable_path/Frameworks",
				);
				MARKETING_VERSION = 1.0;
				NEW_SETTING = "";
				PRODUCT_BUNDLE_IDENTIFIER = teamgromit.gromit;
				PRODUCT_NAME = "$(TARGET_NAME)";
				SWIFT_EMIT_LOC_STRINGS = YES;
				SWIFT_VERSION = 5.0;
				TARGETED_DEVICE_FAMILY = "1,2";
			};
			name = Release;
		};
/* End XCBuildConfiguration section */

/* Begin XCConfigurationList section */
		D5F8C215297BF090004C6146 /* Build configuration list for PBXProject "Gromit-client-iOS" */ = {
			isa = XCConfigurationList;
			buildConfigurations = (
				D5F8C226297BF091004C6146 /* Debug */,
				D5F8C227297BF091004C6146 /* Release */,
			);
			defaultConfigurationIsVisible = 0;
			defaultConfigurationName = Release;
		};
		D5F8C228297BF091004C6146 /* Build configuration list for PBXNativeTarget "Gromit-client-iOS" */ = {
			isa = XCConfigurationList;
			buildConfigurations = (
				D5F8C229297BF091004C6146 /* Debug */,
				D5F8C22A297BF091004C6146 /* Release */,
			);
			defaultConfigurationIsVisible = 0;
			defaultConfigurationName = Release;
		};
/* End XCConfigurationList section */

/* Begin XCRemoteSwiftPackageReference section */
		224CE19A298459BB007EDD4F /* XCRemoteSwiftPackageReference "PopupView" */ = {
			isa = XCRemoteSwiftPackageReference;
			repositoryURL = "https://github.com/exyte/PopupView.git";
			requirement = {
				kind = upToNextMajorVersion;
				minimumVersion = 2.0.0;
			};
		};
		22C6963B2986F145004F799B /* XCRemoteSwiftPackageReference "Moya" */ = {
			isa = XCRemoteSwiftPackageReference;
			repositoryURL = "https://github.com/Moya/Moya.git";
			requirement = {
				branch = master;
				kind = branch;
			};
		};
/* End XCRemoteSwiftPackageReference section */

/* Begin XCSwiftPackageProductDependency section */
		224CE19B298459BB007EDD4F /* PopupView */ = {
			isa = XCSwiftPackageProductDependency;
			package = 224CE19A298459BB007EDD4F /* XCRemoteSwiftPackageReference "PopupView" */;
			productName = PopupView;
		};
		22C6963C2986F145004F799B /* CombineMoya */ = {
			isa = XCSwiftPackageProductDependency;
			package = 22C6963B2986F145004F799B /* XCRemoteSwiftPackageReference "Moya" */;
			productName = CombineMoya;
		};
		22C6963E2986F145004F799B /* Moya */ = {
			isa = XCSwiftPackageProductDependency;
			package = 22C6963B2986F145004F799B /* XCRemoteSwiftPackageReference "Moya" */;
			productName = Moya;
		};
		22C696402986F145004F799B /* ReactiveMoya */ = {
			isa = XCSwiftPackageProductDependency;
			package = 22C6963B2986F145004F799B /* XCRemoteSwiftPackageReference "Moya" */;
			productName = ReactiveMoya;
		};
		22C696422986F145004F799B /* RxMoya */ = {
			isa = XCSwiftPackageProductDependency;
			package = 22C6963B2986F145004F799B /* XCRemoteSwiftPackageReference "Moya" */;
			productName = RxMoya;
		};
/* End XCSwiftPackageProductDependency section */
	};
	rootObject = D5F8C212297BF090004C6146 /* Project object */;
}
